
Microsoft Visual Studio Solution File, Format Version 12.00
# Visual Studio 2012
Project("{FAE04EC0-301F-11D3-BF4B-00C04F79EFBC}") = "Mastersign.Minimods", "Mastersign.Minimods.csproj", "{787081F6-CD3B-480E-A7C3-77E0E1E84ADD}"
EndProject
Global
	GlobalSection(SolutionConfigurationPlatforms) = preSolution
		Debug|Any CPU = Debug|Any CPU
		Release|Any CPU = Release|Any CPU
	EndGlobalSection
	GlobalSection(ProjectConfigurationPlatforms) = postSolution
		{787081F6-CD3B-480E-A7C3-77E0E1E84ADD}.Debug|Any CPU.ActiveCfg = Debug|Any CPU
		{787081F6-CD3B-480E-A7C3-77E0E1E84ADD}.Debug|Any CPU.Build.0 = Debug|Any CPU
		{787081F6-CD3B-480E-A7C3-77E0E1E84ADD}.Release|Any CPU.ActiveCfg = Release|Any CPU
		{787081F6-CD3B-480E-A7C3-77E0E1E84ADD}.Release|Any CPU.Build.0 = Release|Any CPU
	EndGlobalSection
	GlobalSection(SolutionProperties) = preSolution
		HideSolutionNode = FALSE
	EndGlobalSection
EndGlobal
